# This file is @generated by PDM.
# It is not intended for manual editing.

[metadata]
groups = ["default"]
strategy = ["inherit_metadata"]
lock_version = "4.5.0"
content_hash = "sha256:9b9bb1ac09d275c5c0145f9cfc537685b559333ed085d97ced9ef51faf59f763"

[[metadata.targets]]
requires_python = ">=3.9"

[[package]]
name = "elaina-flywheel"
version = "0.6.0"
requires_python = ">=3.9"
summary = ""
groups = ["default"]
dependencies = [
    "typing-extensions>=4.10.0",
]
files = [
    {file = "elaina_flywheel-0.6.0-py3-none-any.whl", hash = "sha256:d01ff36ba61308c21ff239a709fbaa28288f073a7c8dfe0d993a74193ce48e23"},
    {file = "elaina_flywheel-0.6.0.tar.gz", hash = "sha256:dbc072ad7eeb250df35c638e5365de037f134965bbe374bbeefbc53f18b5c55a"},
]

[[package]]
name = "typing-extensions"
version = "4.12.2"
requires_python = ">=3.8"
summary = "Backported and Experimental Type Hints for Python 3.8+"
groups = ["default"]
files = [
    {file = "typing_extensions-4.12.2-py3-none-any.whl", hash = "sha256:04e5ca0351e0f3f85c6853954072df659d0d13fac324d0072316b67d7794700d"},
    {file = "typing_extensions-4.12.2.tar.gz", hash = "sha256:1a7ead55c7e559dd4dee8856e3a88b41225abfe1ce8df57b7c13915fe121ffb8"},
]
